version = 1
revision = 3
requires-python = ">=3.10"

[options]
exclude-newer = "2026-09-20T17:41:35.815260862Z"

[[package]]
name = "cli-helpers"
version = "2.15.1"
source = { registry = "https://pypi.org/simple/" }
dependencies = [
    { name = "configobj" },
    { name = "tabulate", extra = ["widechars"] },
]
sdist = { url = "https://files.pythonhosted.org/packages/3f/de/278f4885fcd03661ab9b69dba9fc745c27d820858dbc06e427057899dcf5/cli_helpers-2.15.1.tar.gz", hash = "sha256:e9c0826dda2855745eb63b3fd8e33b6ac8881188f2ba91e51a516ed833fc0cb8", size = 41819, upload-time = "2026-07-25T12:56:20.726Z" }
wheels = [
    { url = "https://files.pythonhosted.org/packages/1e/dd/39ecd612e3c26f86e635f958237a8def3296543168c1b50433a3a5aa6872/cli_helpers-2.15.1-py3-none-any.whl", hash = "sha256:e2674e890db63b2451750d3441f42aabb95bd5b4bcdcdb64ca92538e59a7621f", size = 21514, upload-time = "2026-07-25T12:56:19.659Z" },
]

[package.optional-dependencies]
styles = [
    { name = "pygments" },
]

[[package]]
name = "click"
version = "8.5.0"
source = { registry = "https://pypi.org/simple/" }
sdist = { url = "https://files.pythonhosted.org/packages/c7/0e/7fa0ef50764b67090eca4114772a2abf8b6148198475e54c660b97caeee6/click-8.5.0.tar.gz", hash = "sha256:ba0d2089de75ea0310e2dde03160e6ca10009947fb95a182f9b54021bb272e34", size = 382235, upload-time = "2026-08-26T13:33:14.56Z" }
wheels = [
    { url = "https://files.pythonhosted.org/packages/58/50/6c0d534c5f134586a8e1ba4e330569e32f057e33372ae556463212fb4cd3/click-8.5.0-py3-none-any.whl", hash = "sha256:255bc9599cf7748b4b1a446ccc735421bd08a2ae529a8b88597d3de5664ee360", size = 125251, upload-time = "2026-08-26T13:33:12.928Z" },
]

[[package]]
name = "configobj"
version = "5.0.9"
source = { registry = "https://pypi.org/simple/" }
sdist = { url = "https://files.pythonhosted.org/packages/f5/c4/c7f9e41bc2e5f8eeae4a08a01c91b2aea3dfab40a3e14b25e87e7db8d501/configobj-5.0.9.tar.gz", hash = "sha256:03c881bbf23aa07bccf1b837005975993c4ab4427ba57f959afdd9d1a2386848", size = 101518, upload-time = "2024-09-21T12:47:46.315Z" }
wheels = [
    { url = "https://files.pythonhosted.org/packages/a6/c4/0679472c60052c27efa612b4cd3ddd2a23e885dcdc73461781d2c802d39e/configobj-5.0.9-py2.py3-none-any.whl", hash = "sha256:1ba10c5b6ee16229c79a05047aeda2b55eb4e80d7c7d8ecf17ec1ca600c79882", size = 35615, upload-time = "2024-11-26T14:03:32.972Z" },
]

[[package]]
name = "mise-pypi-tool-environment"
version = "0.0.0"
source = { virtual = "." }
dependencies = [
    { name = "pgcli" },
]

[package.metadata]
requires-dist = [{ name = "pgcli", specifier = "==4.7.1" }]

[[package]]
name = "pgcli"
version = "4.7.1"
source = { registry = "https://pypi.org/simple/" }
dependencies = [
    { name = "cli-helpers", extra = ["styles"] },
    { name = "click" },
    { name = "configobj" },
    { name = "pgspecial" },
    { name = "prompt-toolkit" },
    { name = "psycopg", marker = "sys_platform != 'win32'" },
    { name = "psycopg-binary", marker = "sys_platform == 'win32'" },
    { name = "pygments" },
    { name = "setproctitle", marker = "sys_platform != 'win32' and 'CYGWIN' not in sys_platform" },
    { name = "sqlparse" },
    { name = "tzlocal" },
]
sdist = { url = "https://files.pythonhosted.org/packages/3e/bd/66e94c76c8e3e52d9194eec079ab2b7a253896e6b1422d0c726094955299/pgcli-4.7.1.tar.gz", hash = "sha256:195d00ae994c89d43ed8e570ddfa0a9fb6105e6b783dfc1eb6cea9b326dc3346", size = 683745, upload-time = "2026-09-20T06:53:45.306Z" }
wheels = [
    { url = "https://files.pythonhosted.org/packages/33/b1/bcfc22d18161a8834f2e65092c4eb8370413ecfe4c56392f0d713ed3fd89/pgcli-4.7.1-py3-none-any.whl", hash = "sha256:601a493b8fafbc0bd1ab437c39a1394cb882b170c5831a0cde50fdb0ceb24a0d", size = 91440, upload-time = "2026-09-20T06:53:43.599Z" },
]

[[package]]
name = "pgspecial"
version = "2.2.1"
source = { registry = "https://pypi.org/simple/" }
dependencies = [
    { name = "click" },
    { name = "psycopg" },
    { name = "sqlparse" },
]
sdist = { url = "https://files.pythonhosted.org/packages/12/b3/f342d6a9ec37fddff8c30b4f6eb5e83990f5d33135cecf381d3f7a0c1c9c/pgspecial-2.2.1.tar.gz", hash = "sha256:da6c7fcc7bef7bb0132dc2046f74ec6513b1fe6f0c80e5528d630d14b7c4849d", size = 50389, upload-time = "2025-04-28T03:56:04.334Z" }
wheels = [
    { url = "https://files.pythonhosted.org/packages/84/9f/151c714d38f893d31688c9454646a078a8d884d9d8d39e3b281178f4d8b9/pgspecial-2.2.1-py3-none-any.whl", hash = "sha256:08d86faaf360603a25850e259efc083bded4c1e8ffd2cfe2950b8ceefdfb4c9c", size = 35758, upload-time = "2025-04-28T03:56:03.057Z" },
]

[[package]]
name = "prompt-toolkit"
version = "3.0.53"
source = { registry = "https://pypi.org/simple/" }
dependencies = [
    { name = "wcwidth" },
]
sdist = { url = "https://files.pythonhosted.org/packages/7d/ea/39b988c938f75cb75d7045b5c69f8bfed47ee2152c8837fb403de29d6fb8/prompt_toolkit-3.0.53.tar.gz", hash = "sha256:9ec8a0ad96d5c56148b3f914aa79c1564c3fde5d2e6b876e7bc327e353cf8fa6", size = 435492, upload-time = "2026-07-26T20:56:14.758Z" }
wheels = [
    { url = "https://files.pythonhosted.org/packages/54/6f/84908cad2d6aa5144abcf7b42709fe4fdb459bc640ec7ac5786e7693dabc/prompt_toolkit-3.0.53-py3-none-any.whl", hash = "sha256:01c0891d7f9237d5e339f7d3e42cdae80b7534abb1c7c0e3352efba6231492f2", size = 392288, upload-time = "2026-07-26T20:56:12.512Z" },
]

[[package]]
name = "psycopg"
version = "3.3.6"
source = { registry = "https://pypi.org/simple/" }
dependencies = [
    { name = "typing-extensions", marker = "python_full_version < '3.13'" },
    { name = "tzdata", marker = "sys_platform == 'win32'" },
]
sdist = { url = "https://files.pythonhosted.org/packages/76/26/3ea4ca5eaea1c0debcdf7ee7c1613fbe721dc27a03c461c0817ffd8a0601/psycopg-3.3.6.tar.gz", hash = "sha256:c081f2250df751a943036e42db6df4571c66cd0aabe8291a7a506512b12007d2", size = 168171, upload-time = "2026-09-18T13:22:55.152Z" }
wheels = [
    { url = "https://files.pythonhosted.org/packages/4e/de/748bd7609c71cae5d737f0ba9192f19329f70180ecda8fff3cac02c5abe3/psycopg-3.3.6-py3-none-any.whl", hash = "sha256:a1db9f7148b06a28606767efaca51fa6f9398c5c0a3810519be69d7000bdb631", size = 215490, upload-time = "2026-09-18T13:15:29.374Z" },
]

[[package]]
name = "psycopg-binary"
version = "3.3.6"
source = { registry = "https://pypi.org/simple/" }
wheels = [
    { url = "https://files.pythonhosted.org/packages/08/89/4424e62a944eef40bd9326ada4ae23802b28eab6502af91e84ef7bba74fb/psycopg_binary-3.3.6-cp310-cp310-win_amd64.whl", hash = "sha256:cbd5f73073ed19c378d4c35499db1e3e703a5b1a324e521204065967bfaa7a18", size = 3674362, upload-time = "2026-09-18T13:16:44.454Z" },
    { url = "https://files.pythonhosted.org/packages/f7/dc/45386530ceb2a8c789a226de9b9b34eca8fccf1feba2e4ef68a6aca50c56/psycopg_binary-3.3.6-cp311-cp311-win_amd64.whl", hash = "sha256:c7f92daa0d2a1c76f07264abddf8cbabd30152a2f09c3270e50f0c7efdf5dcac", size = 3675638, upload-time = "2026-09-18T13:17:58.112Z" },
    { url = "https://files.pythonhosted.org/packages/1a/9b/94ff7fce53a64d5b286e2ec454e0a025cf3d6e6b4a9189bef16aa5de98b2/psycopg_binary-3.3.6-cp312-cp312-win_amd64.whl", hash = "sha256:e23a66a763fbe83fcc210bc77c27e5a5ea380ebf091c06f34d8561b695e5a40f", size = 3658864, upload-time = "2026-09-18T13:19:06.503Z" },
    { url = "https://files.pythonhosted.org/packages/55/7f/e350e1cf498ba2565c3f87b12f429d2012eb86b76c2b3845a19ee5fbb4d6/psycopg_binary-3.3.6-cp313-cp313-win_amd64.whl", hash = "sha256:0ebfad5d131de9f892ae9e70cc7616207768b6714b66a52d4612b8ceaf78b372", size = 3658179, upload-time = "2026-09-18T13:20:22.691Z" },
    { url = "https://files.pythonhosted.org/packages/f1/3e/0a753a74fbd7aef120f286c016e09d3cc3f1daf7688f4a145d27281260b2/psycopg_binary-3.3.6-cp314-cp314-win_amd64.whl", hash = "sha256:1fbd30e537dab22cafdf080608f10148fe2a5f3a61294ddb5113caac8a623840", size = 3755671, upload-time = "2026-09-18T13:21:33.855Z" },
    { url = "https://files.pythonhosted.org/packages/98/33/e2a5b36edf8aa422f6fa4b894756eb33dc93b36df5f65121280bb8b929c4/psycopg_binary-3.3.6-cp315-cp315-win_amd64.whl", hash = "sha256:2f122603f36050937982abf9668d8bc4769a79f7c93a65013b1c49f1cab7b56b", size = 3756154, upload-time = "2026-09-18T13:22:51.283Z" },
]

[[package]]
name = "pygments"
version = "2.21.0"
source = { registry = "https://pypi.org/simple/" }
sdist = { url = "https://files.pythonhosted.org/packages/49/2e/ced460408999b33da6b31b0021b0f37d329e202d4169aeb164493778f25b/pygments-2.21.0.tar.gz", hash = "sha256:610ca751c9bc2492b38eb9a38a7fbc93edbbb2d7182edaf34e66ae493dee5c8c", size = 5005329, upload-time = "2026-08-17T08:02:48.824Z" }
wheels = [
    { url = "https://files.pythonhosted.org/packages/71/46/17f022dd3e953bf20a04a028a21ec746d942f8d2af30fa0f124fa0e6a684/pygments-2.21.0-py3-none-any.whl", hash = "sha256:2363c69b61c4a97c838da3b130dcd6468f4848992b21a82f2a63ec34377137d9", size = 1250147, upload-time = "2026-08-17T08:02:44.912Z" },
]

[[package]]
name = "setproctitle"
version = "1.3.7"
source = { registry = "https://pypi.org/simple/" }
sdist = { url = "https://files.pythonhosted.org/packages/8d/48/49393a96a2eef1ab418b17475fb92b8fcfad83d099e678751b05472e69de/setproctitle-1.3.7.tar.gz", hash = "sha256:bc2bc917691c1537d5b9bca1468437176809c7e11e5694ca79a9ca12345dcb9e", size = 27002, upload-time = "2025-09-05T12:51:25.278Z" }
wheels = [
    { url = "https://files.pythonhosted.org/packages/f2/48/fb401ec8c4953d519d05c87feca816ad668b8258448ff60579ac7a1c1386/setproctitle-1.3.7-cp310-cp310-macosx_10_9_universal2.whl", hash = "sha256:cf555b6299f10a6eb44e4f96d2f5a3884c70ce25dc5c8796aaa2f7b40e72cb1b", size = 18079, upload-time = "2025-09-05T12:49:07.732Z" },
    { url = "https://files.pythonhosted.org/packages/cc/a3/c2b0333c2716fb3b4c9a973dd113366ac51b4f8d56b500f4f8f704b4817a/setproctitle-1.3.7-cp310-cp310-macosx_11_0_arm64.whl", hash = "sha256:690b4776f9c15aaf1023bb07d7c5b797681a17af98a4a69e76a1d504e41108b7", size = 13099, upload-time = "2025-09-05T12:49:09.222Z" },
    { url = "https://files.pythonhosted.org/packages/0e/f8/17bda581c517678260e6541b600eeb67745f53596dc077174141ba2f6702/setproctitle-1.3.7-cp310-cp310-manylinux1_x86_64.manylinux_2_28_x86_64.manylinux_2_5_x86_64.whl", hash = "sha256:00afa6fc507967d8c9d592a887cdc6c1f5742ceac6a4354d111ca0214847732c", size = 31793, upload-time = "2025-09-05T12:49:10.297Z" },
    { url = "https://files.pythonhosted.org/packages/27/d1/76a33ae80d4e788ecab9eb9b53db03e81cfc95367ec7e3fbf4989962fedd/setproctitle-1.3.7-cp310-cp310-manylinux2014_aarch64.manylinux_2_17_aarch64.manylinux_2_28_aarch64.whl", hash = "sha256:9e02667f6b9fc1238ba753c0f4b0a37ae184ce8f3bbbc38e115d99646b3f4cd3", size = 32779, upload-time = "2025-09-05T12:49:12.157Z" },
    { url = "https://files.pythonhosted.org/packages/59/27/1a07c38121967061564f5e0884414a5ab11a783260450172d4fc68c15621/setproctitle-1.3.7-cp310-cp310-manylinux2014_ppc64le.manylinux_2_17_ppc64le.manylinux_2_28_ppc64le.whl", hash = "sha256:83fcd271567d133eb9532d3b067c8a75be175b2b3b271e2812921a05303a693f", size = 34578, upload-time = "2025-09-05T12:49:13.393Z" },
    { url = "https://files.pythonhosted.org/packages/d8/d4/725e6353935962d8bb12cbf7e7abba1d0d738c7f6935f90239d8e1ccf913/setproctitle-1.3.7-cp310-cp310-musllinux_1_2_aarch64.whl", hash = "sha256:13fe37951dda1a45c35d77d06e3da5d90e4f875c4918a7312b3b4556cfa7ff64", size = 32030, upload-time = "2025-09-05T12:49:15.362Z" },
    { url = "https://files.pythonhosted.org/packages/67/24/e4677ae8e1cb0d549ab558b12db10c175a889be0974c589c428fece5433e/setproctitle-1.3.7-cp310-cp310-musllinux_1_2_ppc64le.whl", hash = "sha256:a05509cfb2059e5d2ddff701d38e474169e9ce2a298cf1b6fd5f3a213a553fe5", size = 33363, upload-time = "2025-09-05T12:49:16.829Z" },
    { url = "https://files.pythonhosted.org/packages/55/d4/69ce66e4373a48fdbb37489f3ded476bb393e27f514968c3a69a67343ae0/setproctitle-1.3.7-cp310-cp310-musllinux_1_2_x86_64.whl", hash = "sha256:6da835e76ae18574859224a75db6e15c4c2aaa66d300a57efeaa4c97ca4c7381", size = 31508, upload-time = "2025-09-05T12:49:18.032Z" },
    { url = "https://files.pythonhosted.org/packages/04/cd/1b7ba5cad635510720ce19d7122154df96a2387d2a74217be552887c93e5/setproctitle-1.3.7-cp311-cp311-macosx_10_9_universal2.whl", hash = "sha256:a600eeb4145fb0ee6c287cb82a2884bd4ec5bbb076921e287039dcc7b7cc6dd0", size = 18085, upload-time = "2025-09-05T12:49:22.183Z" },
    { url = "https://files.pythonhosted.org/packages/8f/1a/b2da0a620490aae355f9d72072ac13e901a9fec809a6a24fc6493a8f3c35/setproctitle-1.3.7-cp311-cp311-macosx_11_0_arm64.whl", hash = "sha256:97a090fed480471bb175689859532709e28c085087e344bca45cf318034f70c4", size = 13097, upload-time = "2025-09-05T12:49:23.322Z" },
    { url = "https://files.pythonhosted.org/packages/18/2e/bd03ff02432a181c1787f6fc2a678f53b7dacdd5ded69c318fe1619556e8/setproctitle-1.3.7-cp311-cp311-manylinux1_x86_64.manylinux_2_28_x86_64.manylinux_2_5_x86_64.whl", hash = "sha256:1607b963e7b53e24ec8a2cb4e0ab3ae591d7c6bf0a160feef0551da63452b37f", size = 32191, upload-time = "2025-09-05T12:49:24.567Z" },
    { url = "https://files.pythonhosted.org/packages/28/78/1e62fc0937a8549f2220445ed2175daacee9b6764c7963b16148119b016d/setproctitle-1.3.7-cp311-cp311-manylinux2014_aarch64.manylinux_2_17_aarch64.manylinux_2_28_aarch64.whl", hash = "sha256:a20fb1a3974e2dab857870cf874b325b8705605cb7e7e8bcbb915bca896f52a9", size = 33203, upload-time = "2025-09-05T12:49:25.871Z" },
    { url = "https://files.pythonhosted.org/packages/a0/3c/65edc65db3fa3df400cf13b05e9d41a3c77517b4839ce873aa6b4043184f/setproctitle-1.3.7-cp311-cp311-manylinux2014_ppc64le.manylinux_2_17_ppc64le.manylinux_2_28_ppc64le.whl", hash = "sha256:f8d961bba676e07d77665204f36cffaa260f526e7b32d07ab3df6a2c1dfb44ba", size = 34963, upload-time = "2025-09-05T12:49:27.044Z" },
    { url = "https://files.pythonhosted.org/packages/a1/32/89157e3de997973e306e44152522385f428e16f92f3cf113461489e1e2ee/setproctitle-1.3.7-cp311-cp311-musllinux_1_2_aarch64.whl", hash = "sha256:db0fd964fbd3a9f8999b502f65bd2e20883fdb5b1fae3a424e66db9a793ed307", size = 32398, upload-time = "2025-09-05T12:49:28.909Z" },
    { url = "https://files.pythonhosted.org/packages/4a/18/77a765a339ddf046844cb4513353d8e9dcd8183da9cdba6e078713e6b0b2/setproctitle-1.3.7-cp311-cp311-musllinux_1_2_ppc64le.whl", hash = "sha256:db116850fcf7cca19492030f8d3b4b6e231278e8fe097a043957d22ce1bdf3ee", size = 33657, upload-time = "2025-09-05T12:49:30.323Z" },
    { url = "https://files.pythonhosted.org/packages/6b/63/f0b6205c64d74d2a24a58644a38ec77bdbaa6afc13747e75973bf8904932/setproctitle-1.3.7-cp311-cp311-musllinux_1_2_x86_64.whl", hash = "sha256:316664d8b24a5c91ee244460bdaf7a74a707adaa9e14fbe0dc0a53168bb9aba1", size = 31836, upload-time = "2025-09-05T12:49:32.309Z" },
    { url = "https://files.pythonhosted.org/packages/fb/f0/2dc88e842077719d7384d86cc47403e5102810492b33680e7dadcee64cd8/setproctitle-1.3.7-cp312-cp312-macosx_10_13_universal2.whl", hash = "sha256:2dc99aec591ab6126e636b11035a70991bc1ab7a261da428491a40b84376654e", size = 18049, upload-time = "2025-09-05T12:49:36.241Z" },
    { url = "https://files.pythonhosted.org/packages/f0/b4/50940504466689cda65680c9e9a1e518e5750c10490639fa687489ac7013/setproctitle-1.3.7-cp312-cp312-macosx_11_0_arm64.whl", hash = "sha256:cdd8aa571b7aa39840fdbea620e308a19691ff595c3a10231e9ee830339dd798", size = 13079, upload-time = "2025-09-05T12:49:38.088Z" },
    { url = "https://files.pythonhosted.org/packages/d0/99/71630546b9395b095f4082be41165d1078204d1696c2d9baade3de3202d0/setproctitle-1.3.7-cp312-cp312-manylinux1_x86_64.manylinux_2_28_x86_64.manylinux_2_5_x86_64.whl", hash = "sha256:2906b6c7959cdb75f46159bf0acd8cc9906cf1361c9e1ded0d065fe8f9039629", size = 32932, upload-time = "2025-09-05T12:49:39.271Z" },
    { url = "https://files.pythonhosted.org/packages/50/22/cee06af4ffcfb0e8aba047bd44f5262e644199ae7527ae2c1f672b86495c/setproctitle-1.3.7-cp312-cp312-manylinux2014_aarch64.manylinux_2_17_aarch64.manylinux_2_28_aarch64.whl", hash = "sha256:6915964a6dda07920a1159321dcd6d94fc7fc526f815ca08a8063aeca3c204f1", size = 33736, upload-time = "2025-09-05T12:49:40.565Z" },
    { url = "https://files.pythonhosted.org/packages/5c/00/a5949a8bb06ef5e7df214fc393bb2fb6aedf0479b17214e57750dfdd0f24/setproctitle-1.3.7-cp312-cp312-manylinux2014_ppc64le.manylinux_2_17_ppc64le.manylinux_2_28_ppc64le.whl", hash = "sha256:cff72899861c765bd4021d1ff1c68d60edc129711a2fdba77f9cb69ef726a8b6", size = 35605, upload-time = "2025-09-05T12:49:42.362Z" },
    { url = "https://files.pythonhosted.org/packages/b0/3a/50caca532a9343828e3bf5778c7a84d6c737a249b1796d50dd680290594d/setproctitle-1.3.7-cp312-cp312-musllinux_1_2_aarch64.whl", hash = "sha256:b7cb05bd446687ff816a3aaaf831047fc4c364feff7ada94a66024f1367b448c", size = 33143, upload-time = "2025-09-05T12:49:43.515Z" },
    { url = "https://files.pythonhosted.org/packages/ca/14/b843a251296ce55e2e17c017d6b9f11ce0d3d070e9265de4ecad948b913d/setproctitle-1.3.7-cp312-cp312-musllinux_1_2_ppc64le.whl", hash = "sha256:3a57b9a00de8cae7e2a1f7b9f0c2ac7b69372159e16a7708aa2f38f9e5cc987a", size = 34434, upload-time = "2025-09-05T12:49:45.31Z" },
    { url = "https://files.pythonhosted.org/packages/c8/b7/06145c238c0a6d2c4bc881f8be230bb9f36d2bf51aff7bddcb796d5eed67/setproctitle-1.3.7-cp312-cp312-musllinux_1_2_x86_64.whl", hash = "sha256:d8828b356114f6b308b04afe398ed93803d7fca4a955dd3abe84430e28d33739", size = 32795, upload-time = "2025-09-05T12:49:46.419Z" },
    { url = "https://files.pythonhosted.org/packages/5d/2f/fcedcade3b307a391b6e17c774c6261a7166aed641aee00ed2aad96c63ce/setproctitle-1.3.7-cp313-cp313-macosx_10_13_universal2.whl", hash = "sha256:c3736b2a423146b5e62230502e47e08e68282ff3b69bcfe08a322bee73407922", size = 18047, upload-time = "2025-09-05T12:49:50.271Z" },
    { url = "https://files.pythonhosted.org/packages/23/ae/afc141ca9631350d0a80b8f287aac79a76f26b6af28fd8bf92dae70dc2c5/setproctitle-1.3.7-cp313-cp313-macosx_11_0_arm64.whl", hash = "sha256:3384e682b158d569e85a51cfbde2afd1ab57ecf93ea6651fe198d0ba451196ee", size = 13073, upload-time = "2025-09-05T12:49:51.46Z" },
    { url = "https://files.pythonhosted.org/packages/87/ed/0a4f00315bc02510395b95eec3d4aa77c07192ee79f0baae77ea7b9603d8/setproctitle-1.3.7-cp313-cp313-manylinux1_x86_64.manylinux_2_28_x86_64.manylinux_2_5_x86_64.whl", hash = "sha256:0564a936ea687cd24dffcea35903e2a20962aa6ac20e61dd3a207652401492dd", size = 33284, upload-time = "2025-09-05T12:49:52.741Z" },
    { url = "https://files.pythonhosted.org/packages/fc/e4/adf3c4c0a2173cb7920dc9df710bcc67e9bcdbf377e243b7a962dc31a51a/setproctitle-1.3.7-cp313-cp313-manylinux2014_aarch64.manylinux_2_17_aarch64.manylinux_2_28_aarch64.whl", hash = "sha256:a5d1cb3f81531f0eb40e13246b679a1bdb58762b170303463cb06ecc296f26d0", size = 34104, upload-time = "2025-09-05T12:49:54.416Z" },
    { url = "https://files.pythonhosted.org/packages/52/4f/6daf66394152756664257180439d37047aa9a1cfaa5e4f5ed35e93d1dc06/setproctitle-1.3.7-cp313-cp313-manylinux2014_ppc64le.manylinux_2_17_ppc64le.manylinux_2_28_ppc64le.whl", hash = "sha256:a7d159e7345f343b44330cbba9194169b8590cb13dae940da47aa36a72aa9929", size = 35982, upload-time = "2025-09-05T12:49:56.295Z" },
    { url = "https://files.pythonhosted.org/packages/1b/62/f2c0595403cf915db031f346b0e3b2c0096050e90e0be658a64f44f4278a/setproctitle-1.3.7-cp313-cp313-musllinux_1_2_aarch64.whl", hash = "sha256:0b5074649797fd07c72ca1f6bff0406f4a42e1194faac03ecaab765ce605866f", size = 33150, upload-time = "2025-09-05T12:49:58.025Z" },
    { url = "https://files.pythonhosted.org/packages/a0/29/10dd41cde849fb2f9b626c846b7ea30c99c81a18a5037a45cc4ba33c19a7/setproctitle-1.3.7-cp313-cp313-musllinux_1_2_ppc64le.whl", hash = "sha256:61e96febced3f61b766115381d97a21a6265a0f29188a791f6df7ed777aef698", size = 34463, upload-time = "2025-09-05T12:49:59.424Z" },
    { url = "https://files.pythonhosted.org/packages/71/3c/cedd8eccfaf15fb73a2c20525b68c9477518917c9437737fa0fda91e378f/setproctitle-1.3.7-cp313-cp313-musllinux_1_2_x86_64.whl", hash = "sha256:047138279f9463f06b858e579cc79580fbf7a04554d24e6bddf8fe5dddbe3d4c", size = 32848, upload-time = "2025-09-05T12:50:01.107Z" },
    { url = "https://files.pythonhosted.org/packages/e6/a4/d588d3497d4714750e3eaf269e9e8985449203d82b16b933c39bd3fc52a1/setproctitle-1.3.7-cp313-cp313t-macosx_10_13_universal2.whl", hash = "sha256:10e92915c4b3086b1586933a36faf4f92f903c5554f3c34102d18c7d3f5378e9", size = 18058, upload-time = "2025-09-05T12:50:02.501Z" },
    { url = "https://files.pythonhosted.org/packages/05/77/7637f7682322a7244e07c373881c7e982567e2cb1dd2f31bd31481e45500/setproctitle-1.3.7-cp313-cp313t-macosx_11_0_arm64.whl", hash = "sha256:de879e9c2eab637f34b1a14c4da1e030c12658cdc69ee1b3e5be81b380163ce5", size = 13072, upload-time = "2025-09-05T12:50:03.601Z" },
    { url = "https://files.pythonhosted.org/packages/52/09/f366eca0973cfbac1470068d1313fa3fe3de4a594683385204ec7f1c4101/setproctitle-1.3.7-cp313-cp313t-manylinux1_x86_64.manylinux_2_28_x86_64.manylinux_2_5_x86_64.whl", hash = "sha256:c18246d88e227a5b16248687514f95642505000442165f4b7db354d39d0e4c29", size = 34490, upload-time = "2025-09-05T12:50:04.948Z" },
    { url = "https://files.pythonhosted.org/packages/71/36/611fc2ed149fdea17c3677e1d0df30d8186eef9562acc248682b91312706/setproctitle-1.3.7-cp313-cp313t-manylinux2014_aarch64.manylinux_2_17_aarch64.manylinux_2_28_aarch64.whl", hash = "sha256:7081f193dab22df2c36f9fc6d113f3793f83c27891af8fe30c64d89d9a37e152", size = 35267, upload-time = "2025-09-05T12:50:06.015Z" },
    { url = "https://files.pythonhosted.org/packages/88/a4/64e77d0671446bd5a5554387b69e1efd915274686844bea733714c828813/setproctitle-1.3.7-cp313-cp313t-manylinux2014_ppc64le.manylinux_2_17_ppc64le.manylinux_2_28_ppc64le.whl", hash = "sha256:9cc9b901ce129350637426a89cfd650066a4adc6899e47822e2478a74023ff7c", size = 37376, upload-time = "2025-09-05T12:50:07.484Z" },
    { url = "https://files.pythonhosted.org/packages/89/bc/ad9c664fe524fb4a4b2d3663661a5c63453ce851736171e454fa2cdec35c/setproctitle-1.3.7-cp313-cp313t-musllinux_1_2_aarch64.whl", hash = "sha256:80e177eff2d1ec172188d0d7fd9694f8e43d3aab76a6f5f929bee7bf7894e98b", size = 33963, upload-time = "2025-09-05T12:50:09.056Z" },
    { url = "https://files.pythonhosted.org/packages/ab/01/a36de7caf2d90c4c28678da1466b47495cbbad43badb4e982d8db8167ed4/setproctitle-1.3.7-cp313-cp313t-musllinux_1_2_ppc64le.whl", hash = "sha256:23e520776c445478a67ee71b2a3c1ffdafbe1f9f677239e03d7e2cc635954e18", size = 35550, upload-time = "2025-09-05T12:50:10.791Z" },
    { url = "https://files.pythonhosted.org/packages/dd/68/17e8aea0ed5ebc17fbf03ed2562bfab277c280e3625850c38d92a7b5fcd9/setproctitle-1.3.7-cp313-cp313t-musllinux_1_2_x86_64.whl", hash = "sha256:5fa1953126a3b9bd47049d58c51b9dac72e78ed120459bd3aceb1bacee72357c", size = 33727, upload-time = "2025-09-05T12:50:12.032Z" },
    { url = "https://files.pythonhosted.org/packages/89/c7/43ac3a98414f91d1b86a276bc2f799ad0b4b010e08497a95750d5bc42803/setproctitle-1.3.7-cp314-cp314-macosx_10_13_universal2.whl", hash = "sha256:80c36c6a87ff72eabf621d0c79b66f3bdd0ecc79e873c1e9f0651ee8bf215c63", size = 18052, upload-time = "2025-09-05T12:50:17.928Z" },
    { url = "https://files.pythonhosted.org/packages/cd/2c/dc258600a25e1a1f04948073826bebc55e18dbd99dc65a576277a82146fa/setproctitle-1.3.7-cp314-cp314-macosx_11_0_arm64.whl", hash = "sha256:b53602371a52b91c80aaf578b5ada29d311d12b8a69c0c17fbc35b76a1fd4f2e", size = 13071, upload-time = "2025-09-05T12:50:19.061Z" },
    { url = "https://files.pythonhosted.org/packages/ab/26/8e3bb082992f19823d831f3d62a89409deb6092e72fc6940962983ffc94f/setproctitle-1.3.7-cp314-cp314-manylinux1_x86_64.manylinux_2_28_x86_64.manylinux_2_5_x86_64.whl", hash = "sha256:fcb966a6c57cf07cc9448321a08f3be6b11b7635be502669bc1d8745115d7e7f", size = 33180, upload-time = "2025-09-05T12:50:20.395Z" },
    { url = "https://files.pythonhosted.org/packages/f1/af/ae692a20276d1159dd0cf77b0bcf92cbb954b965655eb4a69672099bb214/setproctitle-1.3.7-cp314-cp314-manylinux2014_aarch64.manylinux_2_17_aarch64.manylinux_2_28_aarch64.whl", hash = "sha256:46178672599b940368d769474fe13ecef1b587d58bb438ea72b9987f74c56ea5", size = 34043, upload-time = "2025-09-05T12:50:22.454Z" },
    { url = "https://files.pythonhosted.org/packages/34/b2/6a092076324dd4dac1a6d38482bedebbff5cf34ef29f58585ec76e47bc9d/setproctitle-1.3.7-cp314-cp314-manylinux2014_ppc64le.manylinux_2_17_ppc64le.manylinux_2_28_ppc64le.whl", hash = "sha256:7f9e9e3ff135cbcc3edd2f4cf29b139f4aca040d931573102742db70ff428c17", size = 35892, upload-time = "2025-09-05T12:50:23.937Z" },
    { url = "https://files.pythonhosted.org/packages/1c/1a/8836b9f28cee32859ac36c3df85aa03e1ff4598d23ea17ca2e96b5845a8f/setproctitle-1.3.7-cp314-cp314-musllinux_1_2_aarch64.whl", hash = "sha256:14c7eba8d90c93b0e79c01f0bd92a37b61983c27d6d7d5a3b5defd599113d60e", size = 32898, upload-time = "2025-09-05T12:50:25.617Z" },
    { url = "https://files.pythonhosted.org/packages/ef/22/8fabdc24baf42defb599714799d8445fe3ae987ec425a26ec8e80ea38f8e/setproctitle-1.3.7-cp314-cp314-musllinux_1_2_ppc64le.whl", hash = "sha256:9e64e98077fb30b6cf98073d6c439cd91deb8ebbf8fc62d9dbf52bd38b0c6ac0", size = 34308, upload-time = "2025-09-05T12:50:26.827Z" },
    { url = "https://files.pythonhosted.org/packages/15/1b/b9bee9de6c8cdcb3b3a6cb0b3e773afdb86bbbc1665a3bfa424a4294fda2/setproctitle-1.3.7-cp314-cp314-musllinux_1_2_x86_64.whl", hash = "sha256:b91387cc0f02a00ac95dcd93f066242d3cca10ff9e6153de7ee07069c6f0f7c8", size = 32536, upload-time = "2025-09-05T12:50:28.5Z" },
    { url = "https://files.pythonhosted.org/packages/01/6d/20886c8ff2e6d85e3cabadab6aab9bb90acaf1a5cfcb04d633f8d61b2626/setproctitle-1.3.7-cp314-cp314t-macosx_10_13_universal2.whl", hash = "sha256:6fc87caf9e323ac426910306c3e5d3205cd9f8dcac06d233fcafe9337f0928a3", size = 18062, upload-time = "2025-09-05T12:50:29.78Z" },
    { url = "https://files.pythonhosted.org/packages/9a/60/26dfc5f198715f1343b95c2f7a1c16ae9ffa45bd89ffd45a60ed258d24ea/setproctitle-1.3.7-cp314-cp314t-macosx_11_0_arm64.whl", hash = "sha256:6134c63853d87a4897ba7d5cc0e16abfa687f6c66fc09f262bb70d67718f2309", size = 13075, upload-time = "2025-09-05T12:50:31.604Z" },
    { url = "https://files.pythonhosted.org/packages/21/9c/980b01f50d51345dd513047e3ba9e96468134b9181319093e61db1c47188/setproctitle-1.3.7-cp314-cp314t-manylinux1_x86_64.manylinux_2_28_x86_64.manylinux_2_5_x86_64.whl", hash = "sha256:1403d2abfd32790b6369916e2313dffbe87d6b11dca5bbd898981bcde48e7a2b", size = 34744, upload-time = "2025-09-05T12:50:32.777Z" },
    { url = "https://files.pythonhosted.org/packages/86/b4/82cd0c86e6d1c4538e1a7eb908c7517721513b801dff4ba3f98ef816a240/setproctitle-1.3.7-cp314-cp314t-manylinux2014_aarch64.manylinux_2_17_aarch64.manylinux_2_28_aarch64.whl", hash = "sha256:e7c5bfe4228ea22373e3025965d1a4116097e555ee3436044f5c954a5e63ac45", size = 35589, upload-time = "2025-09-05T12:50:34.13Z" },
    { url = "https://files.pythonhosted.org/packages/8a/4f/9f6b2a7417fd45673037554021c888b31247f7594ff4bd2239918c5cd6d0/setproctitle-1.3.7-cp314-cp314t-manylinux2014_ppc64le.manylinux_2_17_ppc64le.manylinux_2_28_ppc64le.whl", hash = "sha256:585edf25e54e21a94ccb0fe81ad32b9196b69ebc4fc25f81da81fb8a50cca9e4", size = 37698, upload-time = "2025-09-05T12:50:35.524Z" },
    { url = "https://files.pythonhosted.org/packages/20/92/927b7d4744aac214d149c892cb5fa6dc6f49cfa040cb2b0a844acd63dcaf/setproctitle-1.3.7-cp314-cp314t-musllinux_1_2_aarch64.whl", hash = "sha256:96c38cdeef9036eb2724c2210e8d0b93224e709af68c435d46a4733a3675fee1", size = 34201, upload-time = "2025-09-05T12:50:36.697Z" },
    { url = "https://files.pythonhosted.org/packages/0a/0c/fd4901db5ba4b9d9013e62f61d9c18d52290497f956745cd3e91b0d80f90/setproctitle-1.3.7-cp314-cp314t-musllinux_1_2_ppc64le.whl", hash = "sha256:45e3ef48350abb49cf937d0a8ba15e42cee1e5ae13ca41a77c66d1abc27a5070", size = 35801, upload-time = "2025-09-05T12:50:38.314Z" },
    { url = "https://files.pythonhosted.org/packages/e7/e3/54b496ac724e60e61cc3447f02690105901ca6d90da0377dffe49ff99fc7/setproctitle-1.3.7-cp314-cp314t-musllinux_1_2_x86_64.whl", hash = "sha256:1fae595d032b30dab4d659bece20debd202229fce12b55abab978b7f30783d73", size = 33958, upload-time = "2025-09-05T12:50:39.841Z" },
    { url = "https://files.pythonhosted.org/packages/34/8a/aff5506ce89bc3168cb492b18ba45573158d528184e8a9759a05a09088a9/setproctitle-1.3.7-pp310-pypy310_pp73-macosx_11_0_arm64.whl", hash = "sha256:eb440c5644a448e6203935ed60466ec8d0df7278cd22dc6cf782d07911bcbea6", size = 12654, upload-time = "2025-09-05T12:51:17.141Z" },
    { url = "https://files.pythonhosted.org/packages/41/89/5b6f2faedd6ced3d3c085a5efbd91380fb1f61f4c12bc42acad37932f4e9/setproctitle-1.3.7-pp310-pypy310_pp73-manylinux1_x86_64.manylinux_2_28_x86_64.manylinux_2_5_x86_64.whl", hash = "sha256:502b902a0e4c69031b87870ff4986c290ebbb12d6038a70639f09c331b18efb2", size = 14284, upload-time = "2025-09-05T12:51:18.393Z" },
    { url = "https://files.pythonhosted.org/packages/c3/5b/5e1c117ac84e3cefcf8d7a7f6b2461795a87e20869da065a5c087149060b/setproctitle-1.3.7-pp311-pypy311_pp73-macosx_11_0_arm64.whl", hash = "sha256:b1cac6a4b0252b8811d60b6d8d0f157c0fdfed379ac89c25a914e6346cf355a1", size = 12587, upload-time = "2025-09-05T12:51:21.195Z" },
    { url = "https://files.pythonhosted.org/packages/73/02/b9eadc226195dcfa90eed37afe56b5dd6fa2f0e5220ab8b7867b8862b926/setproctitle-1.3.7-pp311-pypy311_pp73-manylinux1_x86_64.manylinux_2_28_x86_64.manylinux_2_5_x86_64.whl", hash = "sha256:f1704c9e041f2b1dc38f5be4552e141e1432fba3dd52c72eeffd5bc2db04dc65", size = 14286, upload-time = "2025-09-05T12:51:22.61Z" },
]

[[package]]
name = "sqlparse"
version = "0.6.0"
source = { registry = "https://pypi.org/simple/" }
sdist = { url = "https://files.pythonhosted.org/packages/5f/d3/3f06a1006f2261d1342aefb3c71eed02f5d4ca5bdbecd86ebc12ad38306e/sqlparse-0.6.0.tar.gz", hash = "sha256:113c35c75365ab9cc9c7231d68c6428fb11c085fc8e9eb1ad659b7ddbf6cd2b9", size = 178477, upload-time = "2026-08-13T19:16:06.396Z" }
wheels = [
    { url = "https://files.pythonhosted.org/packages/d9/50/f00935da0ec7cbf325f8dc4f772ae46fbc7b672dd62876e73f0a94adda57/sqlparse-0.6.0-py3-none-any.whl", hash = "sha256:b861c0288ce2fa56209a9a6412d2e066ac664b3873b89c26c9d8415e8e32996f", size = 50070, upload-time = "2026-08-13T19:16:04.062Z" },
]

[[package]]
name = "tabulate"
version = "0.10.0"
source = { registry = "https://pypi.org/simple/" }
sdist = { url = "https://files.pythonhosted.org/packages/46/58/8c37dea7bbf769b20d58e7ace7e5edfe65b849442b00ffcdd56be88697c6/tabulate-0.10.0.tar.gz", hash = "sha256:e2cfde8f79420f6deeffdeda9aaec3b6bc5abce947655d17ac662b126e48a60d", size = 91754, upload-time = "2026-03-04T18:55:34.402Z" }
wheels = [
    { url = "https://files.pythonhosted.org/packages/99/55/db07de81b5c630da5cbf5c7df646580ca26dfaefa593667fc6f2fe016d2e/tabulate-0.10.0-py3-none-any.whl", hash = "sha256:f0b0622e567335c8fabaaa659f1b33bcb6ddfe2e496071b743aa113f8774f2d3", size = 39814, upload-time = "2026-03-04T18:55:31.284Z" },
]

[package.optional-dependencies]
widechars = [
    { name = "wcwidth" },
]

[[package]]
name = "typing-extensions"
version = "4.16.0"
source = { registry = "https://pypi.org/simple/" }
sdist = { url = "https://files.pythonhosted.org/packages/f6/cc/6253133b5bb138fc3306cebfbda2c520f545d36b5be2c7255cc528bb45d6/typing_extensions-4.16.0.tar.gz", hash = "sha256:dc983d19a509c94dba722ee6abd33940f7c05a89e243c47e907eb4db6f1a43e5", size = 113555, upload-time = "2026-07-02T08:40:05.92Z" }
wheels = [
    { url = "https://files.pythonhosted.org/packages/49/d3/b8441a820a491ddfc024b0b0cf0393375b75ea13866d9c66727e54c2fc80/typing_extensions-4.16.0-py3-none-any.whl", hash = "sha256:481caa481374e813c1b176ada14e97f1f67a4539ce9cfeb3f350d78d6370c2e8", size = 45571, upload-time = "2026-07-02T08:40:04.659Z" },
]

[[package]]
name = "tzdata"
version = "2026.4"
source = { registry = "https://pypi.org/simple/" }
sdist = { url = "https://files.pythonhosted.org/packages/e4/31/3d74fa778a63b98b7374323befcc0be5ab3bd94afd4096a0124e7379152c/tzdata-2026.4.tar.gz", hash = "sha256:f1b8bd365d8d210c55353f4d7f8d6d8561c0ba50d704b700d195a9424bba0d79", size = 199350, upload-time = "2026-09-12T12:56:03.251Z" }
wheels = [
    { url = "https://files.pythonhosted.org/packages/f9/bc/8737e8d54cf51106118039b83f485a4783112fab49ea9d044b234978a46e/tzdata-2026.4-py2.py3-none-any.whl", hash = "sha256:c2169a8b0a7a5e9674da5a135ccdfb2b3e671b333ed9fed17b41f73c34476e81", size = 347494, upload-time = "2026-09-12T12:56:01.67Z" },
]

[[package]]
name = "tzlocal"
version = "5.4.4"
source = { registry = "https://pypi.org/simple/" }
dependencies = [
    { name = "tzdata", marker = "sys_platform == 'win32'" },
]
sdist = { url = "https://files.pythonhosted.org/packages/81/5b/879b2f932adfa7a053c360d50bc896c977fa6426109185f7c12ebdd0cb9d/tzlocal-5.4.4.tar.gz", hash = "sha256:8dbb8660838688a7b6ba4fed31d18dedf842afb4d47ca050d6d891c2c15f3be4", size = 31170, upload-time = "2026-06-29T08:03:40.026Z" }
wheels = [
    { url = "https://files.pythonhosted.org/packages/9e/a4/017a7a6cbe387d961a688ec31364ae60a5c4e22c96ae9921b79a947c855d/tzlocal-5.4.4-py3-none-any.whl", hash = "sha256:aae09f0126a8a86fa736be266eb4a471380d26a0de3bc14844e7821fee3e2a15", size = 18115, upload-time = "2026-06-29T08:03:38.666Z" },
]

[[package]]
name = "wcwidth"
version = "0.8.4"
source = { registry = "https://pypi.org/simple/" }
sdist = { url = "https://files.pythonhosted.org/packages/3d/7a/f98d4ada7c499565ab0c0fcef28a4e54fafa72b8228a6309803c80493c92/wcwidth-0.8.4.tar.gz", hash = "sha256:2dae09efa25253ae2874188e86d6861af3b1652aef4118cdf3f0bda288a957fb", size = 414609, upload-time = "2026-09-17T23:31:45.287Z" }
wheels = [
    { url = "https://files.pythonhosted.org/packages/39/cc/9c0adc5861020de426ec71716b6c1bef8d90694b7d6d0a16202cdb1647f5/wcwidth-0.8.4-py3-none-any.whl", hash = "sha256:2097bb1d28a0ba8fe177c2eb607317f9b1627b03f33ebebfd3da670b337a65ba", size = 299474, upload-time = "2026-09-17T23:31:43.816Z" },
]
