((elpaca :source "lockfile" :date
		 (25640 32713 913352 0)
		 :recipe
		 (:protocol https :inherit t :depth 1 :repo "https://github.com/progfolio/elpaca.git" :ref "8a2d571afdc57b13b728a4770a0659021d303bee" :files
					(:defaults
					 (:exclude "extensions"))
					:build
					(:not elpaca--activate-package)
					:package "elpaca"))
 (elpaca-use-package :source "lockfile" :date
					 (25640 32713 900498 0)
					 :recipe
					 (:package "elpaca-use-package" :repo "https://github.com/progfolio/elpaca.git" :files
							   ("extensions/elpaca-use-package.el")
							   :main "extensions/elpaca-use-package.el" :build
							   (:not elpaca--compile-info)
							   :protocol https :inherit t :depth 1 :ref "8a2d571afdc57b13b728a4770a0659021d303bee"))
 (diminish :source "lockfile" :date
		   (25640 32713 887598 0)
		   :recipe
		   (:package "diminish" :fetcher github :repo "myrjola/diminish.el" :files
					 ("*.el" "*.el.in" "dir" "*.info" "*.texi" "*.texinfo" "doc/dir" "doc/*.info" "doc/*.texi" "doc/*.texinfo" "lisp/*.el"
					  (:exclude ".dir-locals.el" "test.el" "tests.el" "*-test.el" "*-tests.el" "LICENSE" "README*" "*-pkg.el"))
					 :protocol https :inherit t :depth 1 :ref "fbd5d846611bad828e336b25d2e131d1bc06b83d"))
 (gcmh :source "lockfile" :date
	   (25640 32713 875114 0)
	   :recipe
	   (:package "gcmh" :repo "koral/gcmh" :fetcher gitlab :files
				 ("*.el" "*.el.in" "dir" "*.info" "*.texi" "*.texinfo" "doc/dir" "doc/*.info" "doc/*.texi" "doc/*.texinfo" "lisp/*.el"
				  (:exclude ".dir-locals.el" "test.el" "tests.el" "*-test.el" "*-tests.el" "LICENSE" "README*" "*-pkg.el"))
				 :protocol https :inherit t :depth 1 :ref "0089f9c3a6d4e9a310d0791cf6fa8f35642ecfd9"))
 (exec-path-from-shell :source "lockfile" :date
					   (25640 32713 862563 0)
					   :recipe
					   (:package "exec-path-from-shell" :fetcher github :repo "purcell/exec-path-from-shell" :files
								 ("*.el" "*.el.in" "dir" "*.info" "*.texi" "*.texinfo" "doc/dir" "doc/*.info" "doc/*.texi" "doc/*.texinfo" "lisp/*.el"
								  (:exclude ".dir-locals.el" "test.el" "tests.el" "*-test.el" "*-tests.el" "LICENSE" "README*" "*-pkg.el"))
								 :protocol https :inherit t :depth 1 :ref "ddd24dc823de9a94435b4d8ea7569161657f31e2"))
 (s :source "lockfile" :date
	(25640 32713 849203 0)
	:recipe
	(:package "s" :fetcher github :repo "magnars/s.el" :files
			  ("*.el" "*.el.in" "dir" "*.info" "*.texi" "*.texinfo" "doc/dir" "doc/*.info" "doc/*.texi" "doc/*.texinfo" "lisp/*.el"
			   (:exclude ".dir-locals.el" "test.el" "tests.el" "*-test.el" "*-tests.el" "LICENSE" "README*" "*-pkg.el"))
			  :protocol https :inherit t :depth 1 :ref "e957dcb0677da18b2bb60ad867db5df5c35b5616"))
 (all-the-icons :source "lockfile" :date
				(25640 32713 836728 0)
				:recipe
				(:package "all-the-icons" :repo "domtronn/all-the-icons.el" :fetcher github :files
						  (:defaults "data")
						  :protocol https :inherit t :depth 1 :host github :ref "d922aff57ac8308d3ed067f9151cc76d342855f2"))
 (all-the-icons-completion :source "lockfile" :date
						   (25640 32713 823355 0)
						   :recipe
						   (:package "all-the-icons-completion" :repo "iyefrat/all-the-icons-completion" :fetcher github :files
									 ("*.el" "*.el.in" "dir" "*.info" "*.texi" "*.texinfo" "doc/dir" "doc/*.info" "doc/*.texi" "doc/*.texinfo" "lisp/*.el"
									  (:exclude ".dir-locals.el" "test.el" "tests.el" "*-test.el" "*-tests.el" "LICENSE" "README*" "*-pkg.el"))
									 :protocol https :inherit t :depth 1 :host github :ref "b08f053cee444546ab44a05fd541f59e8bc8983b"))
 (apheleia :source "lockfile" :date
		   (25640 32713 807871 0)
		   :recipe
		   (:package "apheleia" :fetcher github :repo "radian-software/apheleia" :files
					 ("*.el" "*.el.in" "dir" "*.info" "*.texi" "*.texinfo" "doc/dir" "doc/*.info" "doc/*.texi" "doc/*.texinfo" "lisp/*.el"
					  (:exclude ".dir-locals.el" "test.el" "tests.el" "*-test.el" "*-tests.el" "LICENSE" "README*" "*-pkg.el"))
					 :protocol https :inherit t :depth 1 :ref "23c8b7d1ca3d855b38b8fe8bee760fa1234b6143"))
 (vertico :source "lockfile" :date
		  (25640 32713 794365 0)
		  :recipe
		  (:package "vertico" :host github :repo "emacs-straight/vertico" :protocol https :inherit t :depth 1 :ref "13b57f31c51229015c71c8ae6a1e542b9cf8e746"))
 (corfu :source "lockfile" :date
		(25640 32713 781381 0)
		:recipe
		(:package "corfu" :host github :repo "emacs-straight/corfu" :protocol https :inherit t :depth 1 :ref "82cecaddafe7a6f88a05467d64147a7b1efc3f54"))
 (orderless :source "lockfile" :date
			(25640 32713 768813 0)
			:recipe
			(:package "orderless" :repo "oantolin/orderless" :fetcher github :files
					  ("*.el" "*.el.in" "dir" "*.info" "*.texi" "*.texinfo" "doc/dir" "doc/*.info" "doc/*.texi" "doc/*.texinfo" "lisp/*.el"
					   (:exclude ".dir-locals.el" "test.el" "tests.el" "*-test.el" "*-tests.el" "LICENSE" "README*" "*-pkg.el"))
					  :protocol https :inherit t :depth 1 :ref "e6784026717a8a6a7dcd0bf31fd3414f148c542e"))
 (marginalia :source "lockfile" :date
			 (25640 32713 756546 0)
			 :recipe
			 (:package "marginalia" :repo "minad/marginalia" :fetcher github :files
					   ("*.el" "*.el.in" "dir" "*.info" "*.texi" "*.texinfo" "doc/dir" "doc/*.info" "doc/*.texi" "doc/*.texinfo" "lisp/*.el"
						(:exclude ".dir-locals.el" "test.el" "tests.el" "*-test.el" "*-tests.el" "LICENSE" "README*" "*-pkg.el"))
					   :protocol https :inherit t :depth 1 :ref "3d2774ea8a9c18c1ee478fdeddf66fa63e13cd94"))
 (pulsar :source "lockfile" :date
		 (25640 32713 744215 0)
		 :recipe
		 (:package "pulsar" :host github :repo "emacs-straight/pulsar" :protocol https :inherit t :depth 1 :ref "ce093b70c6e58961b1c80cf44fa23c726f7a9cef"))
 (embark :source "lockfile" :date
		 (25640 32713 731750 0)
		 :recipe
		 (:package "embark" :repo "oantolin/embark" :fetcher github :files
				   ("embark.el" "embark-org.el" "embark.texi")
				   :protocol https :inherit t :depth 1 :ref "846b3fd311d06dd0f9aa20f133907ae10855c9ae"))
 (embark-consult :source "lockfile" :date
				 (25640 32713 719057 0)
				 :recipe
				 (:package "embark-consult" :repo "oantolin/embark" :fetcher github :files
						   ("embark-consult.el")
						   :protocol https :inherit t :depth 1 :ref "846b3fd311d06dd0f9aa20f133907ae10855c9ae"))
 (consult-dir :source "lockfile" :date
			  (25640 32713 706496 0)
			  :recipe
			  (:package "consult-dir" :fetcher github :repo "karthink/consult-dir" :files
						("*.el" "*.el.in" "dir" "*.info" "*.texi" "*.texinfo" "doc/dir" "doc/*.info" "doc/*.texi" "doc/*.texinfo" "lisp/*.el"
						 (:exclude ".dir-locals.el" "test.el" "tests.el" "*-test.el" "*-tests.el" "LICENSE" "README*" "*-pkg.el"))
						:protocol https :inherit t :depth 1 :ref "ed8f0874d26f10f5c5b181ab9f2cf4107df8a0eb"))
 (consult :source "lockfile" :date
		  (25640 32713 693747 0)
		  :recipe
		  (:package "consult" :repo "minad/consult" :fetcher github :files
					("*.el" "*.el.in" "dir" "*.info" "*.texi" "*.texinfo" "doc/dir" "doc/*.info" "doc/*.texi" "doc/*.texinfo" "lisp/*.el"
					 (:exclude ".dir-locals.el" "test.el" "tests.el" "*-test.el" "*-tests.el" "LICENSE" "README*" "*-pkg.el"))
					:protocol https :inherit t :depth 1 :ref "16ec34dd12a734b231bcc0fa03a1ab40a86def93"))
 (direnv :source "lockfile" :date
		 (25640 32713 680814 0)
		 :recipe
		 (:package "direnv" :fetcher github :repo "wbolster/emacs-direnv" :files
				   ("*.el" "*.el.in" "dir" "*.info" "*.texi" "*.texinfo" "doc/dir" "doc/*.info" "doc/*.texi" "doc/*.texinfo" "lisp/*.el"
					(:exclude ".dir-locals.el" "test.el" "tests.el" "*-test.el" "*-tests.el" "LICENSE" "README*" "*-pkg.el"))
				   :protocol https :inherit t :depth 1 :ref "268536f564b7eba99264a89a9149268eb4bc67ac"))
 (eshell-syntax-highlighting :source "lockfile" :date
							 (25640 32713 667985 0)
							 :recipe
							 (:package "eshell-syntax-highlighting" :fetcher github :repo "akreisher/eshell-syntax-highlighting" :files
									   ("*.el" "*.el.in" "dir" "*.info" "*.texi" "*.texinfo" "doc/dir" "doc/*.info" "doc/*.texi" "doc/*.texinfo" "lisp/*.el"
										(:exclude ".dir-locals.el" "test.el" "tests.el" "*-test.el" "*-tests.el" "LICENSE" "README*" "*-pkg.el"))
									   :protocol https :inherit t :depth 1 :host github :ref "1ba39a9ffb2298cd716a4314cf3f369028c7bafe"))
 (eshell-vterm :source "lockfile" :date
			   (25640 32713 655356 0)
			   :recipe
			   (:package "eshell-vterm" :repo "iostapyshyn/eshell-vterm" :fetcher github :files
						 ("*.el" "*.el.in" "dir" "*.info" "*.texi" "*.texinfo" "doc/dir" "doc/*.info" "doc/*.texi" "doc/*.texinfo" "lisp/*.el"
						  (:exclude ".dir-locals.el" "test.el" "tests.el" "*-test.el" "*-tests.el" "LICENSE" "README*" "*-pkg.el"))
						 :protocol https :inherit t :depth 1 :host github :ref "e96c30ad5e7d63b778fc3232e81b090b63b13277"))
 (eglot :source "lockfile" :date
		(25640 32713 642493 0)
		:recipe
		(:package "eglot" :host github :repo "emacs-straight/eglot" :protocol https :inherit t :depth 1 :ref "419a8cb11a6f25c706e37b8eb7e16d1d3cb1c91d"))
 (eldoc :source "lockfile" :date
		(25640 32713 629627 0)
		:recipe
		(:package "eldoc" :host github :repo "emacs-straight/eldoc" :protocol https :inherit t :depth 1 :ref "397e38f6d62df77d99b7428c9813d81de722833d"))
 (consult-eglot :source "lockfile" :date
				(25640 32713 615703 0)
				:recipe
				(:package "consult-eglot" :fetcher github :repo "mohkale/consult-eglot" :files
						  ("*.el" "*.el.in" "dir" "*.info" "*.texi" "*.texinfo" "doc/dir" "doc/*.info" "doc/*.texi" "doc/*.texinfo" "lisp/*.el"
						   (:exclude ".dir-locals.el" "test.el" "tests.el" "*-test.el" "*-tests.el" "LICENSE" "README*" "*-pkg.el"))
						  :protocol https :inherit t :depth 1 :ref "6504ccd2b7555452c61cc24a45965f7e2a37c44d"))
 (flycheck :source "lockfile" :date
		   (25640 32713 602432 0)
		   :recipe
		   (:package "flycheck" :repo "flycheck/flycheck" :fetcher github :files
					 ("*.el" "*.el.in" "dir" "*.info" "*.texi" "*.texinfo" "doc/dir" "doc/*.info" "doc/*.texi" "doc/*.texinfo" "lisp/*.el"
					  (:exclude ".dir-locals.el" "test.el" "tests.el" "*-test.el" "*-tests.el" "LICENSE" "README*" "*-pkg.el"))
					 :protocol https :inherit t :depth 1 :ref "5f2ef177cb21ae8b73714575802beef04abd0f5e"))
 (flycheck-color-mode-line :source "lockfile" :date
						   (25640 32713 589655 0)
						   :recipe
						   (:package "flycheck-color-mode-line" :repo "flycheck/flycheck-color-mode-line" :fetcher github :files
									 ("*.el" "*.el.in" "dir" "*.info" "*.texi" "*.texinfo" "doc/dir" "doc/*.info" "doc/*.texi" "doc/*.texinfo" "lisp/*.el"
									  (:exclude ".dir-locals.el" "test.el" "tests.el" "*-test.el" "*-tests.el" "LICENSE" "README*" "*-pkg.el"))
									 :protocol https :inherit t :depth 1 :ref "df9be4c5bf26c4dc5ddaeed8179c4d66bdaa91f5"))
 (helpful :source "lockfile" :date
		  (25640 32713 576941 0)
		  :recipe
		  (:package "helpful" :repo "Wilfred/helpful" :fetcher github :files
					("*.el" "*.el.in" "dir" "*.info" "*.texi" "*.texinfo" "doc/dir" "doc/*.info" "doc/*.texi" "doc/*.texinfo" "lisp/*.el"
					 (:exclude ".dir-locals.el" "test.el" "tests.el" "*-test.el" "*-tests.el" "LICENSE" "README*" "*-pkg.el"))
					:protocol https :inherit t :depth 1 :ref "e9ec6fc2ae10db2b9b59ed656021845d11881a0a"))
 (magit :source "lockfile" :date
		(25640 32713 564323 0)
		:recipe
		(:package "magit" :fetcher github :repo "magit/magit" :files
				  ("lisp/magit" "lisp/magit*.el" "lisp/git-rebase.el" "docs/magit.texi" "docs/AUTHORS.md" "LICENSE" "Documentation/magit.texi" "Documentation/AUTHORS.md"
				   (:exclude "lisp/magit-libgit.el" "lisp/magit-libgit-pkg.el" "lisp/magit-section.el" "lisp/magit-section-pkg.el"))
				  :protocol https :inherit t :depth 1 :ref "dd2e870b134bd292e470c830a42ce59a4396cdb7"))
 (diff-hl :source "lockfile" :date
		  (25640 32713 551675 0)
		  :recipe
		  (:package "diff-hl" :fetcher github :repo "dgutov/diff-hl" :files
					("*.el" "*.el.in" "dir" "*.info" "*.texi" "*.texinfo" "doc/dir" "doc/*.info" "doc/*.texi" "doc/*.texinfo" "lisp/*.el"
					 (:exclude ".dir-locals.el" "test.el" "tests.el" "*-test.el" "*-tests.el" "LICENSE" "README*" "*-pkg.el"))
					:protocol https :inherit t :depth 1 :ref "d20f16bf5eadd66e775f215e800f25caddae8cb5"))
 (perspective :source "lockfile" :date
			  (25640 32713 539148 0)
			  :recipe
			  (:package "perspective" :fetcher github :repo "nex3/perspective-el" :files
						("*.el" "*.el.in" "dir" "*.info" "*.texi" "*.texinfo" "doc/dir" "doc/*.info" "doc/*.texi" "doc/*.texinfo" "lisp/*.el"
						 (:exclude ".dir-locals.el" "test.el" "tests.el" "*-test.el" "*-tests.el" "LICENSE" "README*" "*-pkg.el"))
						:protocol https :inherit t :depth 1 :ref "cb4083dfa91c336dbed0c330d629e256d86384f9"))
 (rg :source "lockfile" :date
	 (25640 32713 526558 0)
	 :recipe
	 (:package "rg" :fetcher github :repo "dajva/rg.el" :files
			   ("*.el" "*.el.in" "dir" "*.info" "*.texi" "*.texinfo" "doc/dir" "doc/*.info" "doc/*.texi" "doc/*.texinfo" "lisp/*.el"
				(:exclude ".dir-locals.el" "test.el" "tests.el" "*-test.el" "*-tests.el" "LICENSE" "README*" "*-pkg.el"))
			   :protocol https :inherit t :depth 1 :ref "e8397ea2f9cadda20bf87e3fae71540511b52d9c"))
 (projectile :source "lockfile" :date
			 (25640 32713 514304 0)
			 :recipe
			 (:package "projectile" :fetcher github :repo "bbatsov/projectile" :files
					   ("*.el" "*.el.in" "dir" "*.info" "*.texi" "*.texinfo" "doc/dir" "doc/*.info" "doc/*.texi" "doc/*.texinfo" "lisp/*.el"
						(:exclude ".dir-locals.el" "test.el" "tests.el" "*-test.el" "*-tests.el" "LICENSE" "README*" "*-pkg.el"))
					   :protocol https :inherit t :depth 1 :ref "271007c6611fcb08ddd326d7de9727c2ad5ef265"))
 (modus-themes :source "lockfile" :date
			   (25640 32713 500381 0)
			   :recipe
			   (:package "modus-themes" :fetcher sourcehut :repo "protesilaos/modus-themes" :files
						 ("*.el" "*.el.in" "dir" "*.info" "*.texi" "*.texinfo" "doc/dir" "doc/*.info" "doc/*.texi" "doc/*.texinfo" "lisp/*.el"
						  (:exclude ".dir-locals.el" "test.el" "tests.el" "*-test.el" "*-tests.el" "LICENSE" "README*" "*-pkg.el"))
						 :protocol https :inherit t :depth 1 :ref "081093922d36b920b4e8a0ba0d5e70d1cefbf643"))
 (vterm :source "lockfile" :date
		(25640 32713 486060 0)
		:recipe
		(:package "vterm" :fetcher github :repo "akermu/emacs-libvterm" :files
				  ("CMakeLists.txt" "elisp.c" "elisp.h" "emacs-module.h" "etc" "utf8.c" "utf8.h" "vterm.el" "vterm-module.c" "vterm-module.h")
				  :protocol https :inherit t :depth 1 :ref "3e5a9b754b8e61850bb7d1b63b090b9fbf6687f3"))
 (which-key :source "lockfile" :date
			(25640 32713 472873 0)
			:recipe
			(:package "which-key" :repo "justbur/emacs-which-key" :fetcher github :files
					  ("*.el" "*.el.in" "dir" "*.info" "*.texi" "*.texinfo" "doc/dir" "doc/*.info" "doc/*.texi" "doc/*.texinfo" "lisp/*.el"
					   (:exclude ".dir-locals.el" "test.el" "tests.el" "*-test.el" "*-tests.el" "LICENSE" "README*" "*-pkg.el"))
					  :protocol https :inherit t :depth 1 :ref "bd34ede7bf77ad3988330b37207f3978e7342c79"))
 (ace-jump-mode :source "lockfile" :date
				(25640 32713 460278 0)
				:recipe
				(:package "ace-jump-mode" :repo "winterTTr/ace-jump-mode" :fetcher github :files
						  ("*.el" "*.el.in" "dir" "*.info" "*.texi" "*.texinfo" "doc/dir" "doc/*.info" "doc/*.texi" "doc/*.texinfo" "lisp/*.el"
						   (:exclude ".dir-locals.el" "test.el" "tests.el" "*-test.el" "*-tests.el" "LICENSE" "README*" "*-pkg.el"))
						  :protocol https :inherit t :depth 1 :ref "8351e2df4fbbeb2a4003f2fb39f46d33803f3dac"))
 (ace-window :source "lockfile" :date
			 (25640 32713 447640 0)
			 :recipe
			 (:package "ace-window" :repo "abo-abo/ace-window" :fetcher github :files
					   ("*.el" "*.el.in" "dir" "*.info" "*.texi" "*.texinfo" "doc/dir" "doc/*.info" "doc/*.texi" "doc/*.texinfo" "lisp/*.el"
						(:exclude ".dir-locals.el" "test.el" "tests.el" "*-test.el" "*-tests.el" "LICENSE" "README*" "*-pkg.el"))
					   :protocol https :inherit t :depth 1 :ref "77115afc1b0b9f633084cf7479c767988106c196"))
 (dockerfile-mode :source "lockfile" :date
				  (25640 32713 434885 0)
				  :recipe
				  (:package "dockerfile-mode" :fetcher github :repo "spotify/dockerfile-mode" :files
							("*.el" "*.el.in" "dir" "*.info" "*.texi" "*.texinfo" "doc/dir" "doc/*.info" "doc/*.texi" "doc/*.texinfo" "lisp/*.el"
							 (:exclude ".dir-locals.el" "test.el" "tests.el" "*-test.el" "*-tests.el" "LICENSE" "README*" "*-pkg.el"))
							:protocol https :inherit t :depth 1 :ref "52c6c00da1d31c0b6c29c74335b3af63ed6bf06c"))
 (docker :source "lockfile" :date
		 (25640 32713 422026 0)
		 :recipe
		 (:package "docker" :fetcher github :repo "Silex/docker.el" :files
				   ("*.el" "*.el.in" "dir" "*.info" "*.texi" "*.texinfo" "doc/dir" "doc/*.info" "doc/*.texi" "doc/*.texinfo" "lisp/*.el"
					(:exclude ".dir-locals.el" "test.el" "tests.el" "*-test.el" "*-tests.el" "LICENSE" "README*" "*-pkg.el"))
				   :protocol https :inherit t :depth 1 :host github :ref "4a308e6b2184a1b7745df5a8b8adafb29b3f7157"))
 (go-mode :source "lockfile" :date
		  (25640 32713 409568 0)
		  :recipe
		  (:package "go-mode" :repo "dominikh/go-mode.el" :fetcher github :files
					("go-mode.el")
					:protocol https :inherit t :depth 1 :ref "166dfb1e090233c4609a50c2ec9f57f113c1da72"))
 (gotest.el :source "lockfile" :date
			(25640 32713 397133 0)
			:recipe
			(:protocol https :inherit t :depth 1 :host github :repo "nlamirault/gotest.el" :package "gotest.el" :ref "490189e68d743a851bfb42d0017428a7550e8615"))
 (web-mode :source "lockfile" :date
		   (25640 32713 384494 0)
		   :recipe
		   (:package "web-mode" :repo "fxbois/web-mode" :fetcher github :files
					 ("*.el" "*.el.in" "dir" "*.info" "*.texi" "*.texinfo" "doc/dir" "doc/*.info" "doc/*.texi" "doc/*.texinfo" "lisp/*.el"
					  (:exclude ".dir-locals.el" "test.el" "tests.el" "*-test.el" "*-tests.el" "LICENSE" "README*" "*-pkg.el"))
					 :protocol https :inherit t :depth 1 :ref "57856ba64b9382811b35df0d9ab0a24aede0c1f0"))
 (projectile-rails :source "lockfile" :date
				   (25640 32713 371820 0)
				   :recipe
				   (:package "projectile-rails" :repo "asok/projectile-rails" :fetcher github :files
							 ("*.el" "*.el.in" "dir" "*.info" "*.texi" "*.texinfo" "doc/dir" "doc/*.info" "doc/*.texi" "doc/*.texinfo" "lisp/*.el"
							  (:exclude ".dir-locals.el" "test.el" "tests.el" "*-test.el" "*-tests.el" "LICENSE" "README*" "*-pkg.el"))
							 :protocol https :inherit t :depth 1 :ref "701784df7befe17b861f1b53fe9cbc59d0b94b9f"))
 (rspec-mode :source "lockfile" :date
			 (25640 32713 359479 0)
			 :recipe
			 (:package "rspec-mode" :repo "pezra/rspec-mode" :fetcher github :files
					   ("rspec-mode.el" "snippets")
					   :protocol https :inherit t :depth 1 :ref "62853a428b416e6a5fd3d8f57ff83a1798188a3f"))
 (yard-mode :source "lockfile" :date
			(25640 32713 346697 0)
			:recipe
			(:package "yard-mode" :fetcher github :repo "pd/yard-mode.el" :files
					  ("*.el" "*.el.in" "dir" "*.info" "*.texi" "*.texinfo" "doc/dir" "doc/*.info" "doc/*.texi" "doc/*.texinfo" "lisp/*.el"
					   (:exclude ".dir-locals.el" "test.el" "tests.el" "*-test.el" "*-tests.el" "LICENSE" "README*" "*-pkg.el"))
					  :protocol https :inherit t :depth 1 :ref "ef3426ff55b6e91d581c8da12f5f64855d932527"))
 (ruby-tools :source "lockfile" :date
			 (25640 32713 334088 0)
			 :recipe
			 (:package "ruby-tools" :repo "rejeep/ruby-tools.el" :fetcher github :files
					   ("*.el" "*.el.in" "dir" "*.info" "*.texi" "*.texinfo" "doc/dir" "doc/*.info" "doc/*.texi" "doc/*.texinfo" "lisp/*.el"
						(:exclude ".dir-locals.el" "test.el" "tests.el" "*-test.el" "*-tests.el" "LICENSE" "README*" "*-pkg.el"))
					   :protocol https :inherit t :depth 1 :ref "6b97066b58a4f82eb2ecea6434a0a7e981aa4c18"))
 (yaml-mode :source "lockfile" :date
			(25640 32713 320434 0)
			:recipe
			(:package "yaml-mode" :repo "yoshiki/yaml-mode" :fetcher github :files
					  ("*.el" "*.el.in" "dir" "*.info" "*.texi" "*.texinfo" "doc/dir" "doc/*.info" "doc/*.texi" "doc/*.texinfo" "lisp/*.el"
					   (:exclude ".dir-locals.el" "test.el" "tests.el" "*-test.el" "*-tests.el" "LICENSE" "README*" "*-pkg.el"))
					  :protocol https :inherit t :depth 1 :ref "b153150e0e77b4ec462d741cdb16956c6ae270d6"))
 (compat :source "lockfile" :date
		 (25640 32713 307826 0)
		 :recipe
		 (:package "compat" :host github :repo "emacs-straight/compat" :protocol https :inherit t :depth 1 :ref "a518b1589d24245629a7aaaa00773f1b76156705"))
 (dash :source "lockfile" :date
	   (25640 32713 294503 0)
	   :recipe
	   (:package "dash" :fetcher github :repo "magnars/dash.el" :files
				 ("dash.el" "dash.texi")
				 :protocol https :inherit t :depth 1 :ref "c30c6bea49b79d966c92ce606fea53dea647b959"))
 (jsonrpc :source "lockfile" :date
		  (25640 32713 281941 0)
		  :recipe
		  (:package "jsonrpc" :host github :repo "emacs-straight/jsonrpc" :protocol https :inherit t :depth 1 :ref "2cceec623e1635b99690339d8b4c1d0aa610950b"))
 (flymake :source "lockfile" :date
		  (25640 32713 269414 0)
		  :recipe
		  (:package "flymake" :host github :repo "emacs-straight/flymake" :protocol https :inherit t :depth 1 :ref "480ab33e649fe841b83caafc0a2be2a112879796"))
 (xref :source "lockfile" :date
	   (25640 32713 256744 0)
	   :recipe
	   (:package "xref" :host github :repo "emacs-straight/xref" :protocol https :inherit t :depth 1 :ref "de81f2facde3790b0075d5174dd06d6c03532c88"))
 (external-completion :source "lockfile" :date
					  (25640 32713 243534 0)
					  :recipe
					  (:package "external-completion" :host github :repo "emacs-straight/external-completion" :protocol https :inherit t :depth 1 :ref "d717c138623aeecc8e0a0312e0576e98604c43f2"))
 (pkg-info :source "lockfile" :date
		   (25640 32713 231203 0)
		   :recipe
		   (:package "pkg-info" :repo "emacsorphanage/pkg-info" :fetcher github :files
					 ("*.el" "*.el.in" "dir" "*.info" "*.texi" "*.texinfo" "doc/dir" "doc/*.info" "doc/*.texi" "doc/*.texinfo" "lisp/*.el"
					  (:exclude ".dir-locals.el" "test.el" "tests.el" "*-test.el" "*-tests.el" "LICENSE" "README*" "*-pkg.el"))
					 :protocol https :inherit t :depth 1 :ref "76ba7415480687d05a4353b27fea2ae02b8d9d61"))
 (let-alist :source "lockfile" :date
			(25640 32713 218449 0)
			:recipe
			(:package "let-alist" :host github :repo "emacs-straight/let-alist" :protocol https :inherit t :depth 1 :ref "021fc10df2e44faba4728d849ee767cf890aa51a"))
 (epl :source "lockfile" :date
	  (25640 32713 205795 0)
	  :recipe
	  (:package "epl" :repo "cask/epl" :fetcher github :files
				("*.el" "*.el.in" "dir" "*.info" "*.texi" "*.texinfo" "doc/dir" "doc/*.info" "doc/*.texi" "doc/*.texinfo" "lisp/*.el"
				 (:exclude ".dir-locals.el" "test.el" "tests.el" "*-test.el" "*-tests.el" "LICENSE" "README*" "*-pkg.el"))
				:protocol https :inherit t :depth 1 :ref "78ab7a85c08222cd15582a298a364774e3282ce6"))
 (f :source "lockfile" :date
	(25640 32713 193487 0)
	:recipe
	(:package "f" :fetcher github :repo "rejeep/f.el" :files
			  ("*.el" "*.el.in" "dir" "*.info" "*.texi" "*.texinfo" "doc/dir" "doc/*.info" "doc/*.texi" "doc/*.texinfo" "lisp/*.el"
			   (:exclude ".dir-locals.el" "test.el" "tests.el" "*-test.el" "*-tests.el" "LICENSE" "README*" "*-pkg.el"))
			  :protocol https :inherit t :depth 1 :ref "af7d37c619010b576fd22b50c62c71ff33093f3c"))
 (elisp-refs :source "lockfile" :date
			 (25640 32713 180285 0)
			 :recipe
			 (:package "elisp-refs" :repo "Wilfred/elisp-refs" :fetcher github :files
					   (:defaults
						(:exclude "elisp-refs-bench.el"))
					   :protocol https :inherit t :depth 1 :ref "6973912994ade71a3e13a24425f1cc648d8b94bb"))
 (git-commit :source "lockfile" :date
			 (25640 32713 167073 0)
			 :recipe
			 (:package "git-commit" :fetcher github :repo "magit/magit" :files
					   ("lisp/git-commit.el" "lisp/git-commit-pkg.el")
					   :old-names
					   (git-commit-mode)
					   :protocol https :inherit t :depth 1 :ref "dd2e870b134bd292e470c830a42ce59a4396cdb7"))
 (magit-section :source "lockfile" :date
				(25640 32713 153731 0)
				:recipe
				(:package "magit-section" :fetcher github :repo "magit/magit" :files
						  ("lisp/magit-section.el" "lisp/magit-section-pkg.el" "docs/magit-section.texi" "Documentation/magit-section.texi")
						  :protocol https :inherit t :depth 1 :ref "dd2e870b134bd292e470c830a42ce59a4396cdb7"))
 (with-editor :source "lockfile" :date
			  (25640 32713 141267 0)
			  :recipe
			  (:package "with-editor" :fetcher github :repo "magit/with-editor" :files
						("*.el" "*.el.in" "dir" "*.info" "*.texi" "*.texinfo" "doc/dir" "doc/*.info" "doc/*.texi" "doc/*.texinfo" "lisp/*.el"
						 (:exclude ".dir-locals.el" "test.el" "tests.el" "*-test.el" "*-tests.el" "LICENSE" "README*" "*-pkg.el"))
						:protocol https :inherit t :depth 1 :ref "59867aebe16454be4d8c0c858f3b00b8a34f3f61"))
 (wgrep :source "lockfile" :date
		(25640 32713 128385 0)
		:recipe
		(:package "wgrep" :fetcher github :repo "mhayashi1120/Emacs-wgrep" :files
				  ("wgrep.el")
				  :protocol https :inherit t :depth 1 :ref "edf768732a56840db6879706b64c5773c316d619"))
 (avy :source "lockfile" :date
	  (25640 32713 114993 0)
	  :recipe
	  (:package "avy" :repo "abo-abo/avy" :fetcher github :files
				("*.el" "*.el.in" "dir" "*.info" "*.texi" "*.texinfo" "doc/dir" "doc/*.info" "doc/*.texi" "doc/*.texinfo" "lisp/*.el"
				 (:exclude ".dir-locals.el" "test.el" "tests.el" "*-test.el" "*-tests.el" "LICENSE" "README*" "*-pkg.el"))
				:protocol https :inherit t :depth 1 :ref "d9634efe2631b608cb28c420f54d6e6689805cf7"))
 (aio :source "lockfile" :date
	  (25640 32713 101182 0)
	  :recipe
	  (:package "aio" :fetcher github :repo "skeeto/emacs-aio" :files
				("aio.el" "README.md" "UNLICENSE")
				:protocol https :inherit t :depth 1 :ref "da93523e235529fa97d6f251319d9e1d6fc24a41"))
 (tablist :source "lockfile" :date
		  (25640 32713 87041 0)
		  :recipe
		  (:package "tablist" :fetcher github :repo "emacsorphanage/tablist" :files
					("*.el" "*.el.in" "dir" "*.info" "*.texi" "*.texinfo" "doc/dir" "doc/*.info" "doc/*.texi" "doc/*.texinfo" "lisp/*.el"
					 (:exclude ".dir-locals.el" "test.el" "tests.el" "*-test.el" "*-tests.el" "LICENSE" "README*" "*-pkg.el"))
					:protocol https :inherit t :depth 1 :ref "5f7b71a92bfb25418d7da86ad9c45f14b149496f"))
 (inflections :source "lockfile" :date
			  (25640 32713 73657 0)
			  :recipe
			  (:package "inflections" :repo "eschulte/jump.el" :fetcher github :files
						("inflections.el")
						:protocol https :inherit t :depth 1 :ref "55caa66a7cc6e0b1a76143fd40eff38416928941"))
 (inf-ruby :source "lockfile" :date
		   (25640 32713 57212 0)
		   :recipe
		   (:package "inf-ruby" :repo "nonsequitur/inf-ruby" :fetcher github :files
					 ("*.el" "*.el.in" "dir" "*.info" "*.texi" "*.texinfo" "doc/dir" "doc/*.info" "doc/*.texi" "doc/*.texinfo" "lisp/*.el"
					  (:exclude ".dir-locals.el" "test.el" "tests.el" "*-test.el" "*-tests.el" "LICENSE" "README*" "*-pkg.el"))
					 :protocol https :inherit t :depth 1 :ref "6f1df882ab319758af43877fa20465f6566efbf3"))
 (rake :source "lockfile" :date
	   (25640 32713 41367 0)
	   :recipe
	   (:package "rake" :repo "asok/rake" :fetcher github :files
				 ("*.el" "*.el.in" "dir" "*.info" "*.texi" "*.texinfo" "doc/dir" "doc/*.info" "doc/*.texi" "doc/*.texinfo" "lisp/*.el"
				  (:exclude ".dir-locals.el" "test.el" "tests.el" "*-test.el" "*-tests.el" "LICENSE" "README*" "*-pkg.el"))
				 :protocol https :inherit t :depth 1 :ref "452ea0caca33376487103c64177c295ed2960cca")))
